
Microsoft Visual Studio Solution File, Format Version 12.00
# Visual Studio Version 17
VisualStudioVersion = 17.0.31903.59
MinimumVisualStudioVersion = 10.0.40219.1
Project("{2150E333-8FDC-42A3-9474-1A3956D46DE8}") = "src", "src", "{62571EF3-9721-46BC-AE2A-EA781C21D247}"
EndProject
Project("{FAE04EC0-301F-11D3-BF4B-00C04F79EFBC}") = "AuctionService", "src\AuctionService\AuctionService.csproj", "{75FA149F-87C7-45F9-ADF1-7E3EED107579}"
EndProject
Project("{FAE04EC0-301F-11D3-BF4B-00C04F79EFBC}") = "SearchService", "src\SearchService\SearchService.csproj", "{0C96D630-D65D-48F4-87BD-B42272BF9847}"
EndProject
Project("{FAE04EC0-301F-11D3-BF4B-00C04F79EFBC}") = "Contracts", "src\Contracts\Contracts.csproj", "{06D0F18E-2ABC-4FF1-92BB-B493D98DD927}"
EndProject
Project("{FAE04EC0-301F-11D3-BF4B-00C04F79EFBC}") = "IdentityService", "src\IdentityService\IdentityService.csproj", "{6FB38FEC-D15C-4BDF-8B74-6A8A134DF0D2}"
EndProject
Global
	GlobalSection(SolutionConfigurationPlatforms) = preSolution
		Debug|Any CPU = Debug|Any CPU
		Release|Any CPU = Release|Any CPU
	EndGlobalSection
	GlobalSection(SolutionProperties) = preSolution
		HideSolutionNode = FALSE
	EndGlobalSection
	GlobalSection(ProjectConfigurationPlatforms) = postSolution
		{75FA149F-87C7-45F9-ADF1-7E3EED107579}.Debug|Any CPU.ActiveCfg = Debug|Any CPU
		{75FA149F-87C7-45F9-ADF1-7E3EED107579}.Debug|Any CPU.Build.0 = Debug|Any CPU
		{75FA149F-87C7-45F9-ADF1-7E3EED107579}.Release|Any CPU.ActiveCfg = Release|Any CPU
		{75FA149F-87C7-45F9-ADF1-7E3EED107579}.Release|Any CPU.Build.0 = Release|Any CPU
		{0C96D630-D65D-48F4-87BD-B42272BF9847}.Debug|Any CPU.ActiveCfg = Debug|Any CPU
		{0C96D630-D65D-48F4-87BD-B42272BF9847}.Debug|Any CPU.Build.0 = Debug|Any CPU
		{0C96D630-D65D-48F4-87BD-B42272BF9847}.Release|Any CPU.ActiveCfg = Release|Any CPU
		{0C96D630-D65D-48F4-87BD-B42272BF9847}.Release|Any CPU.Build.0 = Release|Any CPU
		{06D0F18E-2ABC-4FF1-92BB-B493D98DD927}.Debug|Any CPU.ActiveCfg = Debug|Any CPU
		{06D0F18E-2ABC-4FF1-92BB-B493D98DD927}.Debug|Any CPU.Build.0 = Debug|Any CPU
		{06D0F18E-2ABC-4FF1-92BB-B493D98DD927}.Release|Any CPU.ActiveCfg = Release|Any CPU
		{06D0F18E-2ABC-4FF1-92BB-B493D98DD927}.Release|Any CPU.Build.0 = Release|Any CPU
		{6FB38FEC-D15C-4BDF-8B74-6A8A134DF0D2}.Debug|Any CPU.ActiveCfg = Debug|Any CPU
		{6FB38FEC-D15C-4BDF-8B74-6A8A134DF0D2}.Debug|Any CPU.Build.0 = Debug|Any CPU
		{6FB38FEC-D15C-4BDF-8B74-6A8A134DF0D2}.Release|Any CPU.ActiveCfg = Release|Any CPU
		{6FB38FEC-D15C-4BDF-8B74-6A8A134DF0D2}.Release|Any CPU.Build.0 = Release|Any CPU
	EndGlobalSection
	GlobalSection(NestedProjects) = preSolution
		{75FA149F-87C7-45F9-ADF1-7E3EED107579} = {62571EF3-9721-46BC-AE2A-EA781C21D247}
		{0C96D630-D65D-48F4-87BD-B42272BF9847} = {62571EF3-9721-46BC-AE2A-EA781C21D247}
		{06D0F18E-2ABC-4FF1-92BB-B493D98DD927} = {62571EF3-9721-46BC-AE2A-EA781C21D247}
		{6FB38FEC-D15C-4BDF-8B74-6A8A134DF0D2} = {62571EF3-9721-46BC-AE2A-EA781C21D247}
	EndGlobalSection
EndGlobal
